
Microsoft Visual Studio Solution File, Format Version 12.00
# Visual Studio 15
VisualStudioVersion = 15.0.28307.1525
MinimumVisualStudioVersion = 10.0.40219.1
Project("{FAE04EC0-301F-11D3-BF4B-00C04F79EFBC}") = "TestingProject", "TestingProject\TestingProject.csproj", "{065D9C52-5C89-4114-8FEF-0846DF79A980}"
EndProject
Global
	GlobalSection(SolutionConfigurationPlatforms) = preSolution
		Debug|Any CPU = Debug|Any CPU
		Release|Any CPU = Release|Any CPU
	EndGlobalSection
	GlobalSection(ProjectConfigurationPlatforms) = postSolution
		{065D9C52-5C89-4114-8FEF-0846DF79A980}.Debug|Any CPU.ActiveCfg = Debug|Any CPU
		{065D9C52-5C89-4114-8FEF-0846DF79A980}.Debug|Any CPU.Build.0 = Debug|Any CPU
		{065D9C52-5C89-4114-8FEF-0846DF79A980}.Release|Any CPU.ActiveCfg = Release|Any CPU
		{065D9C52-5C89-4114-8FEF-0846DF79A980}.Release|Any CPU.Build.0 = Release|Any CPU
	EndGlobalSection
	GlobalSection(SolutionProperties) = preSolution
		HideSolutionNode = FALSE
	EndGlobalSection
	GlobalSection(ExtensibilityGlobals) = postSolution
		SolutionGuid = {D9FF6B6D-4B75-4CE2-934D-50955019390A}
	EndGlobalSection
EndGlobal
